{
  "requires": true,
  "lockfileVersion": 1,
  "dependencies": {
    "angular-in-memory-web-api": {
      "version": "0.10.0",
      "resolved": "https://registry.npmjs.org/angular-in-memory-web-api/-/angular-in-memory-web-api-0.10.0.tgz",
      "integrity": "sha512-GzY4lHPR8suREYfgiYiJSBrgq0bdCiFw/LuqW5IsOQfRx98AvS69A5Ehz12oMLy9ABzoGpqmNC5fcFtClDAPqQ=="
    }
  }
}
